<?xml version="1.0" encoding="UTF-8" standalone="yes" ?>
<CodeBlocks_project_file>
	<FileVersion major="1" minor="6" />
	<Project>
		<Option title="Projekt1" />
		<Option pch_mode="2" />
		<Option compiler="gcc" />
		<Build>
			<Target title="Debug">
				<Option output="bin/Debug/Projekt1" prefix_auto="1" extension_auto="1" />
				<Option object_output="obj/Debug/" />
				<Option type="1" />
				<Option compiler="gcc" />
				<Compiler>
					<Add option="-g" />
					<Add directory="include" />
				</Compiler>
			</Target>
			<Target title="Release">
				<Option output="bin/Release/Projekt1" prefix_auto="1" extension_auto="1" />
				<Option object_output="obj/Release/" />
				<Option type="1" />
				<Option compiler="gcc" />
				<Compiler>
					<Add option="-O2" />
					<Add directory="include" />
				</Compiler>
				<Linker>
					<Add option="-s" />
				</Linker>
			</Target>
		</Build>
		<Compiler>
			<Add option="-Wall" />
			<Add option="-fexceptions" />
		</Compiler>
		<Unit filename="include/DynamicArrayImplementation.h" />
		<Unit filename="include/DynamicArrayMenu.h" />
		<Unit filename="include/HeapImplenetation.h" />
		<Unit filename="include/HeapMenu.h" />
		<Unit filename="include/ListImplementation.h" />
		<Unit filename="include/ListMenu.h" />
		<Unit filename="include/Menu.h" />
		<Unit filename="src/DynamicArrayImplementation.cpp" />
		<Unit filename="src/DynamicArrayMenu.cpp" />
		<Unit filename="src/HeapImplenetation.cpp" />
		<Unit filename="src/HeapMenu.cpp" />
		<Unit filename="src/ListImplementation.cpp" />
		<Unit filename="src/ListMenu.cpp" />
		<Unit filename="src/Menu.cpp" />
		<Unit filename="src/main.cpp" />
		<Extensions />
	</Project>
</CodeBlocks_project_file>
